
Microsoft Visual Studio Solution File, Format Version 12.00
# Visual Studio Version 17
VisualStudioVersion = 17.0.31903.59
MinimumVisualStudioVersion = 10.0.40219.1
Project("{FAE04EC0-301F-11D3-BF4B-00C04F79EFBC}") = "ImageCollector", "ImageCollector.csproj", "{C83518B7-D159-4E21-BEE3-E8FB10BDBF54}"
EndProject
Global
	GlobalSection(SolutionConfigurationPlatforms) = preSolution
		Debug|Any CPU = Debug|Any CPU
		Release|Any CPU = Release|Any CPU
	EndGlobalSection
	GlobalSection(SolutionProperties) = preSolution
		HideSolutionNode = FALSE
	EndGlobalSection
	GlobalSection(ProjectConfigurationPlatforms) = postSolution
		{C83518B7-D159-4E21-BEE3-E8FB10BDBF54}.Debug|Any CPU.ActiveCfg = Debug|Any CPU
		{C83518B7-D159-4E21-BEE3-E8FB10BDBF54}.Debug|Any CPU.Build.0 = Debug|Any CPU
		{C83518B7-D159-4E21-BEE3-E8FB10BDBF54}.Release|Any CPU.ActiveCfg = Release|Any CPU
		{C83518B7-D159-4E21-BEE3-E8FB10BDBF54}.Release|Any CPU.Build.0 = Release|Any CPU
	EndGlobalSection
EndGlobal
