
Microsoft Visual Studio Solution File, Format Version 12.00
# Visual Studio Version 17
VisualStudioVersion = 17.5.002.0
MinimumVisualStudioVersion = 10.0.40219.1
Project("{9A19103F-16F7-4668-BE54-9A1E7A4F7556}") = "ImgCopy", "ImgCopy.csproj", "{F487DA0E-5B7F-4E6A-B2CC-806B3D30FD47}"
EndProject
Global
	GlobalSection(SolutionConfigurationPlatforms) = preSolution
		Debug|Any CPU = Debug|Any CPU
		Release|Any CPU = Release|Any CPU
	EndGlobalSection
	GlobalSection(ProjectConfigurationPlatforms) = postSolution
		{F487DA0E-5B7F-4E6A-B2CC-806B3D30FD47}.Debug|Any CPU.ActiveCfg = Debug|Any CPU
		{F487DA0E-5B7F-4E6A-B2CC-806B3D30FD47}.Debug|Any CPU.Build.0 = Debug|Any CPU
		{F487DA0E-5B7F-4E6A-B2CC-806B3D30FD47}.Release|Any CPU.ActiveCfg = Release|Any CPU
		{F487DA0E-5B7F-4E6A-B2CC-806B3D30FD47}.Release|Any CPU.Build.0 = Release|Any CPU
	EndGlobalSection
	GlobalSection(SolutionProperties) = preSolution
		HideSolutionNode = FALSE
	EndGlobalSection
	GlobalSection(ExtensibilityGlobals) = postSolution
		SolutionGuid = {D56E3646-B347-4A8D-8171-57F0BAA30BDB}
	EndGlobalSection
EndGlobal
